# @generated - this file is auto-generated by `mise lock` https://mise.jdx.dev/dev-tools/mise-lock.html

[[tools.dprint]]
version = "0.57.2"
backend = "aqua:dprint/dprint"

[tools.dprint."platforms.linux-arm64"]
checksum = "sha256:ae669413d1996ed8d18e1bc1dfd2b7557064c20820f5c7bcfb9f5e54e47a9b57"
url = "https://github.com/dprint/dprint/releases/download/0.57.2/dprint-aarch64-unknown-linux-gnu.zip"
url_api = "https://api.github.com/repos/dprint/dprint/releases/assets/546075010"

[tools.dprint."platforms.linux-arm64-musl"]
checksum = "sha256:24b6f3cf8cc7a116681907843b777a1dc56cd75ffa98727e66a94b2d2f05ad89"
url = "https://github.com/dprint/dprint/releases/download/0.57.2/dprint-aarch64-unknown-linux-musl.zip"
url_api = "https://api.github.com/repos/dprint/dprint/releases/assets/546075017"

[tools.dprint."platforms.linux-x64"]
checksum = "sha256:27f2f0ef079307068ae49a12bbfe09a4c29d278a9316d2b222cc0969a57cea03"
url = "https://github.com/dprint/dprint/releases/download/0.57.2/dprint-x86_64-unknown-linux-gnu.zip"
url_api = "https://api.github.com/repos/dprint/dprint/releases/assets/546075015"

[tools.dprint."platforms.linux-x64-musl"]
checksum = "sha256:dd0fc5214329c95e552d7bfbb86d4a608e64f9482c6ec33dd182f4c839ee11cd"
url = "https://github.com/dprint/dprint/releases/download/0.57.2/dprint-x86_64-unknown-linux-musl.zip"
url_api = "https://api.github.com/repos/dprint/dprint/releases/assets/546075018"

[tools.dprint."platforms.macos-arm64"]
checksum = "sha256:e0df7c5024a65ba865b89d357263d1ffea9cf380120986e301655e5037673a6f"
url = "https://github.com/dprint/dprint/releases/download/0.57.2/dprint-aarch64-apple-darwin.zip"
url_api = "https://api.github.com/repos/dprint/dprint/releases/assets/546075004"

[tools.dprint."platforms.macos-x64"]
checksum = "sha256:e6ecff3eb8246b62f35123905bbab077f16ec8f73516ab92aa91727ab6812a17"
url = "https://github.com/dprint/dprint/releases/download/0.57.2/dprint-x86_64-apple-darwin.zip"
url_api = "https://api.github.com/repos/dprint/dprint/releases/assets/546075006"

[tools.dprint."platforms.windows-x64"]
checksum = "sha256:6aa57ba5f21a6247f2a3144c2e16ee7dd9aa1f805850d65f8a554cb38b575584"
url = "https://github.com/dprint/dprint/releases/download/0.57.2/dprint-x86_64-pc-windows-msvc.zip"
url_api = "https://api.github.com/repos/dprint/dprint/releases/assets/546075007"

[[tools.node]]
version = "24.20.0"
backend = "core:node"

[tools.node."platforms.linux-arm64"]
checksum = "sha256:3515603e2487879a39bc75716f1a2affd027500c64ba50e845cf72cb33219013"
url = "https://nodejs.org/dist/v24.20.0/node-v24.20.0-linux-arm64.tar.gz"

[tools.node."platforms.linux-arm64-musl"]
checksum = "sha256:987113866ab9018998f09f74072afe7136f3da8b934e35d89531e1e49890062f"
url = "https://nodejs.org/dist/v24.20.0/node-v24.20.0.tar.gz"
install = "source"

[tools.node."platforms.linux-x64"]
checksum = "sha256:855d581f8a4eb1a8117e3426de25fe02770592febcfb31369aee1ffbfee9e8ec"
url = "https://nodejs.org/dist/v24.20.0/node-v24.20.0-linux-x64.tar.gz"

[tools.node."platforms.linux-x64-musl"]
checksum = "sha256:9ae1399fef4bd8990e15773ce1327b336a20b9e97d8c7549f4f42ca73c43f562"
url = "https://unofficial-builds.nodejs.org/download/release/v24.20.0/node-v24.20.0-linux-x64-musl.tar.gz"

[tools.node."platforms.macos-arm64"]
checksum = "sha256:40e5607e5ecb3db9192723776da2d75d966260fc74a7a9e731c1bd67dda96bc8"
url = "https://nodejs.org/dist/v24.20.0/node-v24.20.0-darwin-arm64.tar.gz"

[tools.node."platforms.macos-x64"]
checksum = "sha256:9e5b2644cf107befb6aefca676b96d3296bc10138096f022ed378d6233ed81f4"
url = "https://nodejs.org/dist/v24.20.0/node-v24.20.0-darwin-x64.tar.gz"

[tools.node."platforms.windows-x64"]
checksum = "sha256:6cac9ffbca8f6a47091e4b5c772e0606049c3871cb67d900c0cedde630e545ba"
url = "https://nodejs.org/dist/v24.20.0/node-v24.20.0-win-x64.zip"

[[tools."npm:napi-zig"]]
version = "0.2.8"
backend = "npm:napi-zig"

[[tools.zig]]
version = "0.16.0"
backend = "core:zig"

[tools.zig."platforms.linux-arm64"]
checksum = "sha256:ea4b09bfb22ec6f6c6ceac57ab63efb6b46e17ab08d21f69f3a48b38e1534f17"
url = "https://ziglang.org/download/0.16.0/zig-aarch64-linux-0.16.0.tar.xz"

[tools.zig."platforms.linux-arm64-musl"]
checksum = "sha256:ea4b09bfb22ec6f6c6ceac57ab63efb6b46e17ab08d21f69f3a48b38e1534f17"
url = "https://ziglang.org/download/0.16.0/zig-aarch64-linux-0.16.0.tar.xz"

[tools.zig."platforms.linux-x64"]
checksum = "sha256:70e49664a74374b48b51e6f3fdfbf437f6395d42509050588bd49abe52ba3d00"
url = "https://ziglang.org/download/0.16.0/zig-x86_64-linux-0.16.0.tar.xz"

[tools.zig."platforms.linux-x64-musl"]
checksum = "sha256:70e49664a74374b48b51e6f3fdfbf437f6395d42509050588bd49abe52ba3d00"
url = "https://ziglang.org/download/0.16.0/zig-x86_64-linux-0.16.0.tar.xz"

[tools.zig."platforms.macos-arm64"]
checksum = "sha256:b23d70deaa879b5c2d486ed3316f7eaa53e84acf6fc9cc747de152450d401489"
url = "https://ziglang.org/download/0.16.0/zig-aarch64-macos-0.16.0.tar.xz"

[tools.zig."platforms.macos-x64"]
checksum = "sha256:0387557ed1877bc6a2e1802c8391953baddba76081876301c522f52977b52ba7"
url = "https://ziglang.org/download/0.16.0/zig-x86_64-macos-0.16.0.tar.xz"

[tools.zig."platforms.windows-x64"]
checksum = "sha256:68659eb5f1e4eb1437a722f1dd889c5a322c9954607f5edcf337bc3684a75a7e"
url = "https://ziglang.org/download/0.16.0/zig-x86_64-windows-0.16.0.zip"
