{
	"name": "syntaxase-root",
	"version": "0.0.0",
	"lockfileVersion": 3,
	"requires": true,
	"packages": {
		"": {
			"name": "syntaxase-root",
			"version": "0.0.0",
			"devDependencies": {
				"@dprint/biome": "0.13.8",
				"@dprint/markdown": "0.22.1",
				"dprint-plugin-yaml": "0.6.0"
			}
		},
		"node_modules/@dprint/biome": {
			"version": "0.13.8",
			"resolved": "https://registry.npmjs.org/@dprint/biome/-/biome-0.13.8.tgz",
			"integrity": "sha512-8Y598/XTNtqoGZHuaogMv8OFUAgUl/HcfhM6krrNjY2B80jUKWSIoV8C/RjmkUBX2teFkO0Po9xXlzfzvTohYw==",
			"dev": true,
			"license": "MIT"
		},
		"node_modules/@dprint/markdown": {
			"version": "0.22.1",
			"resolved": "https://registry.npmjs.org/@dprint/markdown/-/markdown-0.22.1.tgz",
			"integrity": "sha512-L5BYR66HNxs5vmGGYze/SP9wrIJnHIhbZGCbdP2N+o5gbukhau3ulFbaG/rB7u9H51LXGePue1sFXVgS5IiU2A==",
			"dev": true,
			"license": "MIT"
		},
		"node_modules/dprint-plugin-yaml": {
			"version": "0.6.0",
			"resolved": "https://registry.npmjs.org/dprint-plugin-yaml/-/dprint-plugin-yaml-0.6.0.tgz",
			"integrity": "sha512-jFCM6LxutTjfiSR7BtDhbZA2OvuqYY9xksULg0vdu0nZV1hiaupvRfJHGZSiQS9aLmqMNc+5WcHpOBSwxCK7qQ==",
			"dev": true,
			"license": "MIT"
		}
	}
}
