{
	"name": "syntaxase-root",
	"version": "0.0.0",
	"lockfileVersion": 3,
	"requires": true,
	"packages": {
		"": {
			"name": "syntaxase-root",
			"version": "0.0.0",
			"devDependencies": {
				"@dprint/biome": "0.13.9",
				"@dprint/markdown": "0.23.3",
				"dprint-plugin-yaml": "0.6.0"
			}
		},
		"node_modules/@dprint/biome": {
			"version": "0.13.9",
			"resolved": "https://registry.npmjs.org/@dprint/biome/-/biome-0.13.9.tgz",
			"integrity": "sha512-rzRtn/TKNTjABLqjjRQ79MFR4wZh8CTshhQ0G9TZeO3anXuInWdgkJgomIy1BxJ2lP1h+/f9LRGj3RbeA5qjCw==",
			"dev": true,
			"license": "MIT"
		},
		"node_modules/@dprint/markdown": {
			"version": "0.23.3",
			"resolved": "https://registry.npmjs.org/@dprint/markdown/-/markdown-0.23.3.tgz",
			"integrity": "sha512-llL0a6tjViXG8OIgyibfJZxW4vN3KsfoTPOl/LobFjCmdiunopoIxlDrjTR/PWHt9WJRd98m+TMfp4bb2Vc6vQ==",
			"dev": true,
			"license": "MIT"
		},
		"node_modules/dprint-plugin-yaml": {
			"version": "0.6.0",
			"resolved": "https://registry.npmjs.org/dprint-plugin-yaml/-/dprint-plugin-yaml-0.6.0.tgz",
			"integrity": "sha512-jFCM6LxutTjfiSR7BtDhbZA2OvuqYY9xksULg0vdu0nZV1hiaupvRfJHGZSiQS9aLmqMNc+5WcHpOBSwxCK7qQ==",
			"dev": true,
			"license": "MIT"
		}
	}
}
